
Microsoft Visual Studio Solution File, Format Version 12.00
# Visual Studio Version 17
VisualStudioVersion = 17.0.31903.59
MinimumVisualStudioVersion = 10.0.40219.1
Project("{FAE04EC0-301F-11D3-BF4B-00C04F79EFBC}") = "OrderFlowClase.Aspire", "OrderFlowClase.Aspire\OrderFlowClase.Aspire.csproj", "{FF39B429-174B-4E0C-88CE-B7E4F0DDE063}"
EndProject
Project("{FAE04EC0-301F-11D3-BF4B-00C04F79EFBC}") = "OrderFlowClase.API.Identity", "OrderFlowClase.API.Identity\OrderFlowClase.API.Identity.csproj", "{39C4C0E9-95A3-124D-8967-3ECA4F462F75}"
EndProject
Project("{2150E333-8FDC-42A3-9474-1A3956D46DE8}") = "Elementos de la solución", "Elementos de la solución", "{D107F4C8-89CC-BEA8-D3D7-CA6B7733353D}"
	ProjectSection(SolutionItems) = preProject
		Directory.Packages.props = Directory.Packages.props
	EndProjectSection
EndProject
Global
	GlobalSection(SolutionConfigurationPlatforms) = preSolution
		Debug|Any CPU = Debug|Any CPU
		Release|Any CPU = Release|Any CPU
	EndGlobalSection
	GlobalSection(ProjectConfigurationPlatforms) = postSolution
		{FF39B429-174B-4E0C-88CE-B7E4F0DDE063}.Debug|Any CPU.ActiveCfg = Debug|Any CPU
		{FF39B429-174B-4E0C-88CE-B7E4F0DDE063}.Debug|Any CPU.Build.0 = Debug|Any CPU
		{FF39B429-174B-4E0C-88CE-B7E4F0DDE063}.Release|Any CPU.ActiveCfg = Release|Any CPU
		{FF39B429-174B-4E0C-88CE-B7E4F0DDE063}.Release|Any CPU.Build.0 = Release|Any CPU
		{39C4C0E9-95A3-124D-8967-3ECA4F462F75}.Debug|Any CPU.ActiveCfg = Debug|Any CPU
		{39C4C0E9-95A3-124D-8967-3ECA4F462F75}.Debug|Any CPU.Build.0 = Debug|Any CPU
		{39C4C0E9-95A3-124D-8967-3ECA4F462F75}.Release|Any CPU.ActiveCfg = Release|Any CPU
		{39C4C0E9-95A3-124D-8967-3ECA4F462F75}.Release|Any CPU.Build.0 = Release|Any CPU
	EndGlobalSection
	GlobalSection(SolutionProperties) = preSolution
		HideSolutionNode = FALSE
	EndGlobalSection
	GlobalSection(ExtensibilityGlobals) = postSolution
		SolutionGuid = {3242EE16-9796-4E55-A7F1-85681D8B99DB}
	EndGlobalSection
EndGlobal
